
Microsoft Visual Studio Solution File, Format Version 12.00
# Visual Studio Version 16
VisualStudioVersion = 16.0.32002.261
MinimumVisualStudioVersion = 10.0.40219.1
Project("{FAE04EC0-301F-11D3-BF4B-00C04F79EFBC}") = "Geometria", "Geometria\Geometria.csproj", "{95671BF5-E210-4635-BEF5-5EB83A089C16}"
EndProject
Global
	GlobalSection(SolutionConfigurationPlatforms) = preSolution
		Debug|Any CPU = Debug|Any CPU
		Release|Any CPU = Release|Any CPU
	EndGlobalSection
	GlobalSection(ProjectConfigurationPlatforms) = postSolution
		{95671BF5-E210-4635-BEF5-5EB83A089C16}.Debug|Any CPU.ActiveCfg = Debug|Any CPU
		{95671BF5-E210-4635-BEF5-5EB83A089C16}.Debug|Any CPU.Build.0 = Debug|Any CPU
		{95671BF5-E210-4635-BEF5-5EB83A089C16}.Release|Any CPU.ActiveCfg = Release|Any CPU
		{95671BF5-E210-4635-BEF5-5EB83A089C16}.Release|Any CPU.Build.0 = Release|Any CPU
	EndGlobalSection
	GlobalSection(SolutionProperties) = preSolution
		HideSolutionNode = FALSE
	EndGlobalSection
	GlobalSection(ExtensibilityGlobals) = postSolution
		SolutionGuid = {0AD3BEE8-D8E9-4E23-A6C3-A0DC1A8451FC}
	EndGlobalSection
EndGlobal
