
Microsoft Visual Studio Solution File, Format Version 12.00
# Visual Studio Version 16
VisualStudioVersion = 16.0.32002.261
MinimumVisualStudioVersion = 10.0.40219.1
Project("{FAE04EC0-301F-11D3-BF4B-00C04F79EFBC}") = "UI.Desktop", "UI.Desktop\UI.Desktop.csproj", "{69B23FB3-F24E-447E-B5F2-B9377394B935}"
EndProject
Project("{FAE04EC0-301F-11D3-BF4B-00C04F79EFBC}") = "Business.Logic", "Business.Logic\Business.Logic.csproj", "{8D12E167-BAC5-4B79-A99F-48447BB93D72}"
EndProject
Project("{FAE04EC0-301F-11D3-BF4B-00C04F79EFBC}") = "Util", "Util\Util.csproj", "{23A09860-8056-494B-A876-4C0AFD51DFD6}"
EndProject
Project("{FAE04EC0-301F-11D3-BF4B-00C04F79EFBC}") = "Business.Entities", "Entidades\Business.Entities.csproj", "{F9D92829-1FB8-401A-8221-ADCC01BAA9F8}"
EndProject
Project("{F184B08F-C81C-45F6-A57F-5ABD9991F28F}") = "UI.Web", "UI.Web\UI.Web.vbproj", "{A498525F-57DA-4A96-AF8A-901C085124EC}"
EndProject
Global
	GlobalSection(SolutionConfigurationPlatforms) = preSolution
		Debug|Any CPU = Debug|Any CPU
		Release|Any CPU = Release|Any CPU
	EndGlobalSection
	GlobalSection(ProjectConfigurationPlatforms) = postSolution
		{69B23FB3-F24E-447E-B5F2-B9377394B935}.Debug|Any CPU.ActiveCfg = Debug|Any CPU
		{69B23FB3-F24E-447E-B5F2-B9377394B935}.Debug|Any CPU.Build.0 = Debug|Any CPU
		{69B23FB3-F24E-447E-B5F2-B9377394B935}.Release|Any CPU.ActiveCfg = Release|Any CPU
		{69B23FB3-F24E-447E-B5F2-B9377394B935}.Release|Any CPU.Build.0 = Release|Any CPU
		{8D12E167-BAC5-4B79-A99F-48447BB93D72}.Debug|Any CPU.ActiveCfg = Debug|Any CPU
		{8D12E167-BAC5-4B79-A99F-48447BB93D72}.Debug|Any CPU.Build.0 = Debug|Any CPU
		{8D12E167-BAC5-4B79-A99F-48447BB93D72}.Release|Any CPU.ActiveCfg = Release|Any CPU
		{8D12E167-BAC5-4B79-A99F-48447BB93D72}.Release|Any CPU.Build.0 = Release|Any CPU
		{23A09860-8056-494B-A876-4C0AFD51DFD6}.Debug|Any CPU.ActiveCfg = Debug|Any CPU
		{23A09860-8056-494B-A876-4C0AFD51DFD6}.Debug|Any CPU.Build.0 = Debug|Any CPU
		{23A09860-8056-494B-A876-4C0AFD51DFD6}.Release|Any CPU.ActiveCfg = Release|Any CPU
		{23A09860-8056-494B-A876-4C0AFD51DFD6}.Release|Any CPU.Build.0 = Release|Any CPU
		{F9D92829-1FB8-401A-8221-ADCC01BAA9F8}.Debug|Any CPU.ActiveCfg = Debug|Any CPU
		{F9D92829-1FB8-401A-8221-ADCC01BAA9F8}.Debug|Any CPU.Build.0 = Debug|Any CPU
		{F9D92829-1FB8-401A-8221-ADCC01BAA9F8}.Release|Any CPU.ActiveCfg = Release|Any CPU
		{F9D92829-1FB8-401A-8221-ADCC01BAA9F8}.Release|Any CPU.Build.0 = Release|Any CPU
		{A498525F-57DA-4A96-AF8A-901C085124EC}.Debug|Any CPU.ActiveCfg = Debug|Any CPU
		{A498525F-57DA-4A96-AF8A-901C085124EC}.Debug|Any CPU.Build.0 = Debug|Any CPU
		{A498525F-57DA-4A96-AF8A-901C085124EC}.Release|Any CPU.ActiveCfg = Release|Any CPU
		{A498525F-57DA-4A96-AF8A-901C085124EC}.Release|Any CPU.Build.0 = Release|Any CPU
	EndGlobalSection
	GlobalSection(SolutionProperties) = preSolution
		HideSolutionNode = FALSE
	EndGlobalSection
	GlobalSection(ExtensibilityGlobals) = postSolution
		SolutionGuid = {0AAD8030-BA41-40EE-BC0A-CCC3F0F600D6}
	EndGlobalSection
EndGlobal
